schema: '2.0'
stages:
  train-generate-with-gpt-4.1:
    cmd: python -m experiments.generate --input-df 
      ./data/raw/neo4j-2024v1/train-00000-of-00001.parquet --output-df 
      ./data/interim/neo4j-2024v1/gpt-4.1/train-trajectories.csv --workflow 
      native_tool_call --provider azure --model gpt-4.1 --verbose True 
      --log-dir-path ./logs/
    deps:
    - path: data/raw/neo4j-2024v1/train-00000-of-00001.parquet
      hash: md5
      md5: b2f3498cabb199b46bcdf169bc91909d
      size: 7334675
    - path: src/experiments/generate.py
      hash: md5
      md5: 9d24652b2270a7b3a0672b11cf7d1b88
      size: 8031
    outs:
    - path: data/interim/neo4j-2024v1/gpt-4.1/train-trajectories.csv
      hash: md5
      md5: bad4a81d0c8688a0fd75279e3fc287ad
      size: 41128917
